// !$*UTF8*$!
{
	archiveVersion = 1;
	classes = {
	};
	objectVersion = 46;
	objects = {

/* Begin PBXBuildFile section */
		7D17553F176F13AD00018D3B /* SSAddItemViewController.m in Sources */ = {isa = PBXBuildFile; fileRef = 7D17553E176F13AD00018D3B /* SSAddItemViewController.m */; };
		7D175542176F15C900018D3B /* SSItemsViewController.m in Sources */ = {isa = PBXBuildFile; fileRef = 7D175541176F15C900018D3B /* SSItemsViewController.m */; };
		7D175546176F2CA300018D3B /* SSItemTableViewCell.m in Sources */ = {isa = PBXBuildFile; fileRef = 7D175545176F2CA300018D3B /* SSItemTableViewCell.m */; };
		7D175549176F35E900018D3B /* SSDetailViewController.m in Sources */ = {isa = PBXBuildFile; fileRef = 7D175548176F35E900018D3B /* SSDetailViewController.m */; };
		7D17554C176F450800018D3B /* SSElementViewController.m in Sources */ = {isa = PBXBuildFile; fileRef = 7D17554B176F450800018D3B /* SSElementViewController.m */; };
		7D17554F176F9C4400018D3B /* SSDetailTableViewCell.m in Sources */ = {isa = PBXBuildFile; fileRef = 7D17554E176F9C4400018D3B /* SSDetailTableViewCell.m */; };
		D7803A4B1772201B0057B381 /* SSQrCodeViewController.mm in Sources */ = {isa = PBXBuildFile; fileRef = D7803A4A1772201B0057B381 /* SSQrCodeViewController.mm */; };
		D7803A57177222A80057B381 /* libqrencoder.a in Frameworks */ = {isa = PBXBuildFile; fileRef = D7803A52177222910057B381 /* libqrencoder.a */; };
		D7DBA721176FA4C000EA5231 /* northpole.framework in Frameworks */ = {isa = PBXBuildFile; fileRef = D7DBA720176FA4C000EA5231 /* northpole.framework */; };
		D7DBA724176FA4D500EA5231 /* SSWebservice.m in Sources */ = {isa = PBXBuildFile; fileRef = D7DBA723176FA4D500EA5231 /* SSWebservice.m */; };
		D7DBA726176FAC4300EA5231 /* MobileCoreServices.framework in Frameworks */ = {isa = PBXBuildFile; fileRef = D7DBA725176FAC4300EA5231 /* MobileCoreServices.framework */; };
		D7DBA728176FAC4A00EA5231 /* SystemConfiguration.framework in Frameworks */ = {isa = PBXBuildFile; fileRef = D7DBA727176FAC4A00EA5231 /* SystemConfiguration.framework */; };
		D7DFD160176E3AB30077703F /* SSShoppingList.m in Sources */ = {isa = PBXBuildFile; fileRef = D7DFD15F176E3AB30077703F /* SSShoppingList.m */; };
		D7DFD163176E3AB40077703F /* SSShoppingListElement.m in Sources */ = {isa = PBXBuildFile; fileRef = D7DFD162176E3AB40077703F /* SSShoppingListElement.m */; };
		D7E95C1E176C9ACF009F068A /* SharedShopping.xcdatamodeld in Sources */ = {isa = PBXBuildFile; fileRef = D7E95C1C176C9ACF009F068A /* SharedShopping.xcdatamodeld */; };
		D7E95C2D176C9CED009F068A /* IPCoreDataController.m in Sources */ = {isa = PBXBuildFile; fileRef = D7E95C2C176C9CED009F068A /* IPCoreDataController.m */; };
		D7E95C30176C9D34009F068A /* SSModelController.m in Sources */ = {isa = PBXBuildFile; fileRef = D7E95C2F176C9D34009F068A /* SSModelController.m */; };
		D7E95C32176CA01A009F068A /* CoreData.framework in Frameworks */ = {isa = PBXBuildFile; fileRef = D7E95C31176CA01A009F068A /* CoreData.framework */; };
		D7F06ADA176A853000E8A4B9 /* UIKit.framework in Frameworks */ = {isa = PBXBuildFile; fileRef = D7F06AD9176A853000E8A4B9 /* UIKit.framework */; };
		D7F06ADC176A853000E8A4B9 /* Foundation.framework in Frameworks */ = {isa = PBXBuildFile; fileRef = D7F06ADB176A853000E8A4B9 /* Foundation.framework */; };
		D7F06ADE176A853000E8A4B9 /* CoreGraphics.framework in Frameworks */ = {isa = PBXBuildFile; fileRef = D7F06ADD176A853000E8A4B9 /* CoreGraphics.framework */; };
		D7F06AE6176A853000E8A4B9 /* main.m in Sources */ = {isa = PBXBuildFile; fileRef = D7F06AE5176A853000E8A4B9 /* main.m */; };
		D7F06AEC176A853000E8A4B9 /* Default.png in Resources */ = {isa = PBXBuildFile; fileRef = D7F06AEB176A853000E8A4B9 /* Default.png */; };
		D7F06AEE176A853000E8A4B9 /* Default@2x.png in Resources */ = {isa = PBXBuildFile; fileRef = D7F06AED176A853000E8A4B9 /* Default@2x.png */; };
		D7F06AF0176A853000E8A4B9 /* Default-568h@2x.png in Resources */ = {isa = PBXBuildFile; fileRef = D7F06AEF176A853000E8A4B9 /* Default-568h@2x.png */; };
		D7F06B0B176A85A000E8A4B9 /* SSAppDelegate.m in Sources */ = {isa = PBXBuildFile; fileRef = D7F06B00176A85A000E8A4B9 /* SSAppDelegate.m */; };
		D7F06B0D176A85A000E8A4B9 /* InfoPlist.strings in Resources */ = {isa = PBXBuildFile; fileRef = D7F06B07176A85A000E8A4B9 /* InfoPlist.strings */; };
		D7F06B0E176A85A000E8A4B9 /* MainStoryboard.storyboard in Resources */ = {isa = PBXBuildFile; fileRef = D7F06B09176A85A000E8A4B9 /* MainStoryboard.storyboard */; };
/* End PBXBuildFile section */

/* Begin PBXContainerItemProxy section */
		D7803A51177222910057B381 /* PBXContainerItemProxy */ = {
			isa = PBXContainerItemProxy;
			containerPortal = D7803A4C177222910057B381 /* QRCodeEncoderObjectiveCAtGithub.xcodeproj */;
			proxyType = 2;
			remoteGlobalIDString = 9672D35713BD662F0002B0E2;
			remoteInfo = qrencoder;
		};
		D7803A53177222910057B381 /* PBXContainerItemProxy */ = {
			isa = PBXContainerItemProxy;
			containerPortal = D7803A4C177222910057B381 /* QRCodeEncoderObjectiveCAtGithub.xcodeproj */;
			proxyType = 2;
			remoteGlobalIDString = 9621844115431DBA00447877;
			remoteInfo = QRCodeEncoderDemo;
		};
		D7803A55177222A00057B381 /* PBXContainerItemProxy */ = {
			isa = PBXContainerItemProxy;
			containerPortal = D7803A4C177222910057B381 /* QRCodeEncoderObjectiveCAtGithub.xcodeproj */;
			proxyType = 1;
			remoteGlobalIDString = 9672D35613BD662F0002B0E2;
			remoteInfo = qrencoder;
		};
/* End PBXContainerItemProxy section */

/* Begin PBXFileReference section */
		7D17553D176F13AD00018D3B /* SSAddItemViewController.h */ = {isa = PBXFileReference; fileEncoding = 4; lastKnownFileType = sourcecode.c.h; path = SSAddItemViewController.h; sourceTree = "<group>"; };
		7D17553E176F13AD00018D3B /* SSAddItemViewController.m */ = {isa = PBXFileReference; fileEncoding = 4; lastKnownFileType = sourcecode.c.objc; path = SSAddItemViewController.m; sourceTree = "<group>"; };
		7D175540176F15C900018D3B /* SSItemsViewController.h */ = {isa = PBXFileReference; fileEncoding = 4; lastKnownFileType = sourcecode.c.h; path = SSItemsViewController.h; sourceTree = "<group>"; };
		7D175541176F15C900018D3B /* SSItemsViewController.m */ = {isa = PBXFileReference; fileEncoding = 4; lastKnownFileType = sourcecode.c.objc; path = SSItemsViewController.m; sourceTree = "<group>"; };
		7D175544176F2CA300018D3B /* SSItemTableViewCell.h */ = {isa = PBXFileReference; fileEncoding = 4; lastKnownFileType = sourcecode.c.h; path = SSItemTableViewCell.h; sourceTree = "<group>"; };
		7D175545176F2CA300018D3B /* SSItemTableViewCell.m */ = {isa = PBXFileReference; fileEncoding = 4; lastKnownFileType = sourcecode.c.objc; path = SSItemTableViewCell.m; sourceTree = "<group>"; };
		7D175547176F35E900018D3B /* SSDetailViewController.h */ = {isa = PBXFileReference; fileEncoding = 4; lastKnownFileType = sourcecode.c.h; path = SSDetailViewController.h; sourceTree = "<group>"; };
		7D175548176F35E900018D3B /* SSDetailViewController.m */ = {isa = PBXFileReference; fileEncoding = 4; lastKnownFileType = sourcecode.c.objc; path = SSDetailViewController.m; sourceTree = "<group>"; };
		7D17554A176F450800018D3B /* SSElementViewController.h */ = {isa = PBXFileReference; fileEncoding = 4; lastKnownFileType = sourcecode.c.h; path = SSElementViewController.h; sourceTree = "<group>"; };
		7D17554B176F450800018D3B /* SSElementViewController.m */ = {isa = PBXFileReference; fileEncoding = 4; lastKnownFileType = sourcecode.c.objc; path = SSElementViewController.m; sourceTree = "<group>"; };
		7D17554D176F9C4400018D3B /* SSDetailTableViewCell.h */ = {isa = PBXFileReference; fileEncoding = 4; lastKnownFileType = sourcecode.c.h; path = SSDetailTableViewCell.h; sourceTree = "<group>"; };
		7D17554E176F9C4400018D3B /* SSDetailTableViewCell.m */ = {isa = PBXFileReference; fileEncoding = 4; lastKnownFileType = sourcecode.c.objc; path = SSDetailTableViewCell.m; sourceTree = "<group>"; };
		D7803A491772201B0057B381 /* SSQrCodeViewController.h */ = {isa = PBXFileReference; fileEncoding = 4; lastKnownFileType = sourcecode.c.h; path = SSQrCodeViewController.h; sourceTree = "<group>"; };
		D7803A4A1772201B0057B381 /* SSQrCodeViewController.mm */ = {isa = PBXFileReference; fileEncoding = 4; lastKnownFileType = sourcecode.cpp.objcpp; path = SSQrCodeViewController.mm; sourceTree = "<group>"; };
		D7803A4C177222910057B381 /* QRCodeEncoderObjectiveCAtGithub.xcodeproj */ = {isa = PBXFileReference; lastKnownFileType = "wrapper.pb-project"; name = QRCodeEncoderObjectiveCAtGithub.xcodeproj; path = "QR-Code-Encoder-for-Objective-C/QRCodeEncoderObjectiveCAtGithub.xcodeproj"; sourceTree = "<group>"; };
		D7DBA720176FA4C000EA5231 /* northpole.framework */ = {isa = PBXFileReference; lastKnownFileType = wrapper.framework; name = northpole.framework; path = SharedShopping/Resources/northpole.framework; sourceTree = "<group>"; };
		D7DBA722176FA4D500EA5231 /* SSWebservice.h */ = {isa = PBXFileReference; fileEncoding = 4; lastKnownFileType = sourcecode.c.h; path = SSWebservice.h; sourceTree = "<group>"; };
		D7DBA723176FA4D500EA5231 /* SSWebservice.m */ = {isa = PBXFileReference; fileEncoding = 4; lastKnownFileType = sourcecode.c.objc; path = SSWebservice.m; sourceTree = "<group>"; };
		D7DBA725176FAC4300EA5231 /* MobileCoreServices.framework */ = {isa = PBXFileReference; lastKnownFileType = wrapper.framework; name = MobileCoreServices.framework; path = System/Library/Frameworks/MobileCoreServices.framework; sourceTree = SDKROOT; };
		D7DBA727176FAC4A00EA5231 /* SystemConfiguration.framework */ = {isa = PBXFileReference; lastKnownFileType = wrapper.framework; name = SystemConfiguration.framework; path = System/Library/Frameworks/SystemConfiguration.framework; sourceTree = SDKROOT; };
		D7DFD15E176E3AB30077703F /* SSShoppingList.h */ = {isa = PBXFileReference; fileEncoding = 4; lastKnownFileType = sourcecode.c.h; path = SSShoppingList.h; sourceTree = "<group>"; };
		D7DFD15F176E3AB30077703F /* SSShoppingList.m */ = {isa = PBXFileReference; fileEncoding = 4; lastKnownFileType = sourcecode.c.objc; path = SSShoppingList.m; sourceTree = "<group>"; };
		D7DFD161176E3AB40077703F /* SSShoppingListElement.h */ = {isa = PBXFileReference; fileEncoding = 4; lastKnownFileType = sourcecode.c.h; path = SSShoppingListElement.h; sourceTree = "<group>"; };
		D7DFD162176E3AB40077703F /* SSShoppingListElement.m */ = {isa = PBXFileReference; fileEncoding = 4; lastKnownFileType = sourcecode.c.objc; path = SSShoppingListElement.m; sourceTree = "<group>"; };
		D7E95C1D176C9ACF009F068A /* SharedShopping.xcdatamodel */ = {isa = PBXFileReference; lastKnownFileType = wrapper.xcdatamodel; path = SharedShopping.xcdatamodel; sourceTree = "<group>"; };
		D7E95C2B176C9CED009F068A /* IPCoreDataController.h */ = {isa = PBXFileReference; fileEncoding = 4; lastKnownFileType = sourcecode.c.h; path = IPCoreDataController.h; sourceTree = "<group>"; };
		D7E95C2C176C9CED009F068A /* IPCoreDataController.m */ = {isa = PBXFileReference; fileEncoding = 4; lastKnownFileType = sourcecode.c.objc; path = IPCoreDataController.m; sourceTree = "<group>"; };
		D7E95C2E176C9D34009F068A /* SSModelController.h */ = {isa = PBXFileReference; fileEncoding = 4; lastKnownFileType = sourcecode.c.h; path = SSModelController.h; sourceTree = "<group>"; };
		D7E95C2F176C9D34009F068A /* SSModelController.m */ = {isa = PBXFileReference; fileEncoding = 4; lastKnownFileType = sourcecode.c.objc; path = SSModelController.m; sourceTree = "<group>"; };
		D7E95C31176CA01A009F068A /* CoreData.framework */ = {isa = PBXFileReference; lastKnownFileType = wrapper.framework; name = CoreData.framework; path = System/Library/Frameworks/CoreData.framework; sourceTree = SDKROOT; };
		D7E95C33176CA1CE009F068A /* SSStorageControllerProtocol.h */ = {isa = PBXFileReference; lastKnownFileType = sourcecode.c.h; path = SSStorageControllerProtocol.h; sourceTree = "<group>"; };
		D7F06AD6176A853000E8A4B9 /* SharedShopping.app */ = {isa = PBXFileReference; explicitFileType = wrapper.application; includeInIndex = 0; path = SharedShopping.app; sourceTree = BUILT_PRODUCTS_DIR; };
		D7F06AD9176A853000E8A4B9 /* UIKit.framework */ = {isa = PBXFileReference; lastKnownFileType = wrapper.framework; name = UIKit.framework; path = System/Library/Frameworks/UIKit.framework; sourceTree = SDKROOT; };
		D7F06ADB176A853000E8A4B9 /* Foundation.framework */ = {isa = PBXFileReference; lastKnownFileType = wrapper.framework; name = Foundation.framework; path = System/Library/Frameworks/Foundation.framework; sourceTree = SDKROOT; };
		D7F06ADD176A853000E8A4B9 /* CoreGraphics.framework */ = {isa = PBXFileReference; lastKnownFileType = wrapper.framework; name = CoreGraphics.framework; path = System/Library/Frameworks/CoreGraphics.framework; sourceTree = SDKROOT; };
		D7F06AE1176A853000E8A4B9 /* SharedShopping-Info.plist */ = {isa = PBXFileReference; lastKnownFileType = text.plist.xml; path = "SharedShopping-Info.plist"; sourceTree = "<group>"; };
		D7F06AE5176A853000E8A4B9 /* main.m */ = {isa = PBXFileReference; lastKnownFileType = sourcecode.c.objc; path = main.m; sourceTree = "<group>"; };
		D7F06AE7176A853000E8A4B9 /* SharedShopping-Prefix.pch */ = {isa = PBXFileReference; lastKnownFileType = sourcecode.c.h; path = "SharedShopping-Prefix.pch"; sourceTree = "<group>"; };
		D7F06AEB176A853000E8A4B9 /* Default.png */ = {isa = PBXFileReference; lastKnownFileType = image.png; path = Default.png; sourceTree = "<group>"; };
		D7F06AED176A853000E8A4B9 /* Default@2x.png */ = {isa = PBXFileReference; lastKnownFileType = image.png; path = "Default@2x.png"; sourceTree = "<group>"; };
		D7F06AEF176A853000E8A4B9 /* Default-568h@2x.png */ = {isa = PBXFileReference; lastKnownFileType = image.png; path = "Default-568h@2x.png"; sourceTree = "<group>"; };
		D7F06AFF176A85A000E8A4B9 /* SSAppDelegate.h */ = {isa = PBXFileReference; fileEncoding = 4; lastKnownFileType = sourcecode.c.h; path = SSAppDelegate.h; sourceTree = "<group>"; };
		D7F06B00176A85A000E8A4B9 /* SSAppDelegate.m */ = {isa = PBXFileReference; fileEncoding = 4; lastKnownFileType = sourcecode.c.objc; path = SSAppDelegate.m; sourceTree = "<group>"; };
		D7F06B08176A85A000E8A4B9 /* en */ = {isa = PBXFileReference; lastKnownFileType = text.plist.strings; name = en; path = en.lproj/InfoPlist.strings; sourceTree = "<group>"; };
		D7F06B0A176A85A000E8A4B9 /* en */ = {isa = PBXFileReference; lastKnownFileType = file.storyboard; name = en; path = en.lproj/MainStoryboard.storyboard; sourceTree = "<group>"; };
		D7F06B0F176A864700E8A4B9 /* SynthesizeSingleton.h */ = {isa = PBXFileReference; fileEncoding = 4; lastKnownFileType = sourcecode.c.h; path = SynthesizeSingleton.h; sourceTree = "<group>"; };
/* End PBXFileReference section */

/* Begin PBXFrameworksBuildPhase section */
		D7F06AD3176A853000E8A4B9 /* Frameworks */ = {
			isa = PBXFrameworksBuildPhase;
			buildActionMask = 2147483647;
			files = (
				D7803A57177222A80057B381 /* libqrencoder.a in Frameworks */,
				D7DBA728176FAC4A00EA5231 /* SystemConfiguration.framework in Frameworks */,
				D7DBA726176FAC4300EA5231 /* MobileCoreServices.framework in Frameworks */,
				D7E95C32176CA01A009F068A /* CoreData.framework in Frameworks */,
				D7F06ADA176A853000E8A4B9 /* UIKit.framework in Frameworks */,
				D7F06ADC176A853000E8A4B9 /* Foundation.framework in Frameworks */,
				D7F06ADE176A853000E8A4B9 /* CoreGraphics.framework in Frameworks */,
				D7DBA721176FA4C000EA5231 /* northpole.framework in Frameworks */,
			);
			runOnlyForDeploymentPostprocessing = 0;
		};
/* End PBXFrameworksBuildPhase section */

/* Begin PBXGroup section */
		7D175543176F2C5100018D3B /* Cells */ = {
			isa = PBXGroup;
			children = (
				7D175544176F2CA300018D3B /* SSItemTableViewCell.h */,
				7D175545176F2CA300018D3B /* SSItemTableViewCell.m */,
				7D17554D176F9C4400018D3B /* SSDetailTableViewCell.h */,
				7D17554E176F9C4400018D3B /* SSDetailTableViewCell.m */,
			);
			name = Cells;
			path = Classes/Controllers;
			sourceTree = "<group>";
		};
		D7803A4D177222910057B381 /* Products */ = {
			isa = PBXGroup;
			children = (
				D7803A52177222910057B381 /* libqrencoder.a */,
				D7803A54177222910057B381 /* QRCodeEncoderDemo.app */,
			);
			name = Products;
			sourceTree = "<group>";
		};
		D7E95C1A176C9A9F009F068A /* Controllers */ = {
			isa = PBXGroup;
			children = (
				D7DBA722176FA4D500EA5231 /* SSWebservice.h */,
				D7DBA723176FA4D500EA5231 /* SSWebservice.m */,
				D7E95C2B176C9CED009F068A /* IPCoreDataController.h */,
				D7E95C2C176C9CED009F068A /* IPCoreDataController.m */,
				D7E95C2E176C9D34009F068A /* SSModelController.h */,
				D7E95C2F176C9D34009F068A /* SSModelController.m */,
				D7E95C33176CA1CE009F068A /* SSStorageControllerProtocol.h */,
			);
			path = Controllers;
			sourceTree = "<group>";
		};
		D7E95C1B176C9AAA009F068A /* Models */ = {
			isa = PBXGroup;
			children = (
				D7DFD15E176E3AB30077703F /* SSShoppingList.h */,
				D7DFD15F176E3AB30077703F /* SSShoppingList.m */,
				D7DFD161176E3AB40077703F /* SSShoppingListElement.h */,
				D7DFD162176E3AB40077703F /* SSShoppingListElement.m */,
			);
			path = Models;
			sourceTree = "<group>";
		};
		D7F06ACD176A853000E8A4B9 = {
			isa = PBXGroup;
			children = (
				D7803A4C177222910057B381 /* QRCodeEncoderObjectiveCAtGithub.xcodeproj */,
				D7F06ADF176A853000E8A4B9 /* SharedShopping */,
				D7F06AD8176A853000E8A4B9 /* Frameworks */,
				D7F06AD7176A853000E8A4B9 /* Products */,
			);
			sourceTree = "<group>";
		};
		D7F06AD7176A853000E8A4B9 /* Products */ = {
			isa = PBXGroup;
			children = (
				D7F06AD6176A853000E8A4B9 /* SharedShopping.app */,
			);
			name = Products;
			sourceTree = "<group>";
		};
		D7F06AD8176A853000E8A4B9 /* Frameworks */ = {
			isa = PBXGroup;
			children = (
				D7DBA727176FAC4A00EA5231 /* SystemConfiguration.framework */,
				D7DBA725176FAC4300EA5231 /* MobileCoreServices.framework */,
				D7DBA720176FA4C000EA5231 /* northpole.framework */,
				D7E95C31176CA01A009F068A /* CoreData.framework */,
				D7F06AD9176A853000E8A4B9 /* UIKit.framework */,
				D7F06ADB176A853000E8A4B9 /* Foundation.framework */,
				D7F06ADD176A853000E8A4B9 /* CoreGraphics.framework */,
			);
			name = Frameworks;
			sourceTree = "<group>";
		};
		D7F06ADF176A853000E8A4B9 /* SharedShopping */ = {
			isa = PBXGroup;
			children = (
				D7F06AFC176A85A000E8A4B9 /* Classes */,
				7D175543176F2C5100018D3B /* Cells */,
				D7F06B06176A85A000E8A4B9 /* Resources */,
				D7F06AE0176A853000E8A4B9 /* Supporting Files */,
			);
			path = SharedShopping;
			sourceTree = "<group>";
		};
		D7F06AE0176A853000E8A4B9 /* Supporting Files */ = {
			isa = PBXGroup;
			children = (
				D7F06AE1176A853000E8A4B9 /* SharedShopping-Info.plist */,
				D7F06AE5176A853000E8A4B9 /* main.m */,
				D7F06AE7176A853000E8A4B9 /* SharedShopping-Prefix.pch */,
				D7F06AEB176A853000E8A4B9 /* Default.png */,
				D7F06AED176A853000E8A4B9 /* Default@2x.png */,
				D7F06AEF176A853000E8A4B9 /* Default-568h@2x.png */,
			);
			name = "Supporting Files";
			sourceTree = "<group>";
		};
		D7F06AFC176A85A000E8A4B9 /* Classes */ = {
			isa = PBXGroup;
			children = (
				D7E95C1B176C9AAA009F068A /* Models */,
				D7E95C1A176C9A9F009F068A /* Controllers */,
				D7F06AFE176A85A000E8A4B9 /* Core */,
				D7F06B02176A85A000E8A4B9 /* ViewControllers */,
			);
			path = Classes;
			sourceTree = "<group>";
		};
		D7F06AFE176A85A000E8A4B9 /* Core */ = {
			isa = PBXGroup;
			children = (
				D7F06B0F176A864700E8A4B9 /* SynthesizeSingleton.h */,
				D7F06AFF176A85A000E8A4B9 /* SSAppDelegate.h */,
				D7F06B00176A85A000E8A4B9 /* SSAppDelegate.m */,
			);
			path = Core;
			sourceTree = "<group>";
		};
		D7F06B02176A85A000E8A4B9 /* ViewControllers */ = {
			isa = PBXGroup;
			children = (
				7D17553D176F13AD00018D3B /* SSAddItemViewController.h */,
				7D17553E176F13AD00018D3B /* SSAddItemViewController.m */,
				7D175540176F15C900018D3B /* SSItemsViewController.h */,
				7D175541176F15C900018D3B /* SSItemsViewController.m */,
				7D175547176F35E900018D3B /* SSDetailViewController.h */,
				7D175548176F35E900018D3B /* SSDetailViewController.m */,
				7D17554A176F450800018D3B /* SSElementViewController.h */,
				7D17554B176F450800018D3B /* SSElementViewController.m */,
				D7803A491772201B0057B381 /* SSQrCodeViewController.h */,
				D7803A4A1772201B0057B381 /* SSQrCodeViewController.mm */,
			);
			path = ViewControllers;
			sourceTree = "<group>";
		};
		D7F06B06176A85A000E8A4B9 /* Resources */ = {
			isa = PBXGroup;
			children = (
				D7F06B07176A85A000E8A4B9 /* InfoPlist.strings */,
				D7F06B09176A85A000E8A4B9 /* MainStoryboard.storyboard */,
				D7E95C1C176C9ACF009F068A /* SharedShopping.xcdatamodeld */,
			);
			path = Resources;
			sourceTree = "<group>";
		};
/* End PBXGroup section */

/* Begin PBXNativeTarget section */
		D7F06AD5176A853000E8A4B9 /* SharedShopping */ = {
			isa = PBXNativeTarget;
			buildConfigurationList = D7F06AF9176A853000E8A4B9 /* Build configuration list for PBXNativeTarget "SharedShopping" */;
			buildPhases = (
				D7F06AD2176A853000E8A4B9 /* Sources */,
				D7F06AD3176A853000E8A4B9 /* Frameworks */,
				D7F06AD4176A853000E8A4B9 /* Resources */,
			);
			buildRules = (
			);
			dependencies = (
				D7803A56177222A00057B381 /* PBXTargetDependency */,
			);
			name = SharedShopping;
			productName = SharedShopping;
			productReference = D7F06AD6176A853000E8A4B9 /* SharedShopping.app */;
			productType = "com.apple.product-type.application";
		};
/* End PBXNativeTarget section */

/* Begin PBXProject section */
		D7F06ACE176A853000E8A4B9 /* Project object */ = {
			isa = PBXProject;
			attributes = {
				CLASSPREFIX = SS;
				LastUpgradeCheck = 0460;
				ORGANIZATIONNAME = "InPos Soft";
			};
			buildConfigurationList = D7F06AD1176A853000E8A4B9 /* Build configuration list for PBXProject "SharedShopping" */;
			compatibilityVersion = "Xcode 3.2";
			developmentRegion = English;
			hasScannedForEncodings = 0;
			knownRegions = (
				en,
			);
			mainGroup = D7F06ACD176A853000E8A4B9;
			productRefGroup = D7F06AD7176A853000E8A4B9 /* Products */;
			projectDirPath = "";
			projectReferences = (
				{
					ProductGroup = D7803A4D177222910057B381 /* Products */;
					ProjectRef = D7803A4C177222910057B381 /* QRCodeEncoderObjectiveCAtGithub.xcodeproj */;
				},
			);
			projectRoot = "";
			targets = (
				D7F06AD5176A853000E8A4B9 /* SharedShopping */,
			);
		};
/* End PBXProject section */

/* Begin PBXReferenceProxy section */
		D7803A52177222910057B381 /* libqrencoder.a */ = {
			isa = PBXReferenceProxy;
			fileType = archive.ar;
			path = libqrencoder.a;
			remoteRef = D7803A51177222910057B381 /* PBXContainerItemProxy */;
			sourceTree = BUILT_PRODUCTS_DIR;
		};
		D7803A54177222910057B381 /* QRCodeEncoderDemo.app */ = {
			isa = PBXReferenceProxy;
			fileType = wrapper.application;
			path = QRCodeEncoderDemo.app;
			remoteRef = D7803A53177222910057B381 /* PBXContainerItemProxy */;
			sourceTree = BUILT_PRODUCTS_DIR;
		};
/* End PBXReferenceProxy section */

/* Begin PBXResourcesBuildPhase section */
		D7F06AD4176A853000E8A4B9 /* Resources */ = {
			isa = PBXResourcesBuildPhase;
			buildActionMask = 2147483647;
			files = (
				D7F06AEC176A853000E8A4B9 /* Default.png in Resources */,
				D7F06AEE176A853000E8A4B9 /* Default@2x.png in Resources */,
				D7F06AF0176A853000E8A4B9 /* Default-568h@2x.png in Resources */,
				D7F06B0D176A85A000E8A4B9 /* InfoPlist.strings in Resources */,
				D7F06B0E176A85A000E8A4B9 /* MainStoryboard.storyboard in Resources */,
			);
			runOnlyForDeploymentPostprocessing = 0;
		};
/* End PBXResourcesBuildPhase section */

/* Begin PBXSourcesBuildPhase section */
		D7F06AD2176A853000E8A4B9 /* Sources */ = {
			isa = PBXSourcesBuildPhase;
			buildActionMask = 2147483647;
			files = (
				D7F06AE6176A853000E8A4B9 /* main.m in Sources */,
				D7F06B0B176A85A000E8A4B9 /* SSAppDelegate.m in Sources */,
				7D17553F176F13AD00018D3B /* SSAddItemViewController.m in Sources */,
				7D175542176F15C900018D3B /* SSItemsViewController.m in Sources */,
				D7E95C1E176C9ACF009F068A /* SharedShopping.xcdatamodeld in Sources */,
				D7E95C2D176C9CED009F068A /* IPCoreDataController.m in Sources */,
				D7E95C30176C9D34009F068A /* SSModelController.m in Sources */,
				D7DFD160176E3AB30077703F /* SSShoppingList.m in Sources */,
				D7DFD163176E3AB40077703F /* SSShoppingListElement.m in Sources */,
				D7DBA724176FA4D500EA5231 /* SSWebservice.m in Sources */,
				7D175546176F2CA300018D3B /* SSItemTableViewCell.m in Sources */,
				7D175549176F35E900018D3B /* SSDetailViewController.m in Sources */,
				7D17554C176F450800018D3B /* SSElementViewController.m in Sources */,
				7D17554F176F9C4400018D3B /* SSDetailTableViewCell.m in Sources */,
				D7803A4B1772201B0057B381 /* SSQrCodeViewController.mm in Sources */,
			);
			runOnlyForDeploymentPostprocessing = 0;
		};
/* End PBXSourcesBuildPhase section */

/* Begin PBXTargetDependency section */
		D7803A56177222A00057B381 /* PBXTargetDependency */ = {
			isa = PBXTargetDependency;
			name = qrencoder;
			targetProxy = D7803A55177222A00057B381 /* PBXContainerItemProxy */;
		};
/* End PBXTargetDependency section */

/* Begin PBXVariantGroup section */
		D7F06B07176A85A000E8A4B9 /* InfoPlist.strings */ = {
			isa = PBXVariantGroup;
			children = (
				D7F06B08176A85A000E8A4B9 /* en */,
			);
			name = InfoPlist.strings;
			sourceTree = "<group>";
		};
		D7F06B09176A85A000E8A4B9 /* MainStoryboard.storyboard */ = {
			isa = PBXVariantGroup;
			children = (
				D7F06B0A176A85A000E8A4B9 /* en */,
			);
			name = MainStoryboard.storyboard;
			sourceTree = "<group>";
		};
/* End PBXVariantGroup section */

/* Begin XCBuildConfiguration section */
		D7F06AF7176A853000E8A4B9 /* Debug */ = {
			isa = XCBuildConfiguration;
			buildSettings = {
				ALWAYS_SEARCH_USER_PATHS = NO;
				CLANG_CXX_LANGUAGE_STANDARD = "gnu++0x";
				CLANG_CXX_LIBRARY = "libc++";
				CLANG_WARN_CONSTANT_CONVERSION = YES;
				CLANG_WARN_EMPTY_BODY = YES;
				CLANG_WARN_ENUM_CONVERSION = YES;
				CLANG_WARN_INT_CONVERSION = YES;
				CLANG_WARN__DUPLICATE_METHOD_MATCH = YES;
				"CODE_SIGN_IDENTITY[sdk=iphoneos*]" = "iPhone Developer";
				COPY_PHASE_STRIP = NO;
				GCC_C_LANGUAGE_STANDARD = gnu99;
				GCC_DYNAMIC_NO_PIC = NO;
				GCC_OPTIMIZATION_LEVEL = 0;
				GCC_PREPROCESSOR_DEFINITIONS = (
					"DEBUG=1",
					"$(inherited)",
				);
				GCC_SYMBOLS_PRIVATE_EXTERN = NO;
				GCC_WARN_ABOUT_RETURN_TYPE = YES;
				GCC_WARN_UNINITIALIZED_AUTOS = YES;
				GCC_WARN_UNUSED_VARIABLE = YES;
				IPHONEOS_DEPLOYMENT_TARGET = 6.1;
				ONLY_ACTIVE_ARCH = YES;
				SDKROOT = iphoneos;
			};
			name = Debug;
		};
		D7F06AF8176A853000E8A4B9 /* Release */ = {
			isa = XCBuildConfiguration;
			buildSettings = {
				ALWAYS_SEARCH_USER_PATHS = NO;
				CLANG_CXX_LANGUAGE_STANDARD = "gnu++0x";
				CLANG_CXX_LIBRARY = "libc++";
				CLANG_WARN_CONSTANT_CONVERSION = YES;
				CLANG_WARN_EMPTY_BODY = YES;
				CLANG_WARN_ENUM_CONVERSION = YES;
				CLANG_WARN_INT_CONVERSION = YES;
				CLANG_WARN__DUPLICATE_METHOD_MATCH = YES;
				"CODE_SIGN_IDENTITY[sdk=iphoneos*]" = "iPhone Developer";
				COPY_PHASE_STRIP = YES;
				GCC_C_LANGUAGE_STANDARD = gnu99;
				GCC_WARN_ABOUT_RETURN_TYPE = YES;
				GCC_WARN_UNINITIALIZED_AUTOS = YES;
				GCC_WARN_UNUSED_VARIABLE = YES;
				IPHONEOS_DEPLOYMENT_TARGET = 6.1;
				OTHER_CFLAGS = "-DNS_BLOCK_ASSERTIONS=1";
				SDKROOT = iphoneos;
				VALIDATE_PRODUCT = YES;
			};
			name = Release;
		};
		D7F06AFA176A853000E8A4B9 /* Debug */ = {
			isa = XCBuildConfiguration;
			buildSettings = {
				ALWAYS_SEARCH_USER_PATHS = NO;
				FRAMEWORK_SEARCH_PATHS = (
					"$(inherited)",
					"\"$(SRCROOT)/SharedShopping/Resources\"",
				);
				GCC_PRECOMPILE_PREFIX_HEADER = YES;
				GCC_PREFIX_HEADER = "SharedShopping/SharedShopping-Prefix.pch";
				HEADER_SEARCH_PATHS = "\"$(SRCROOT)/QR-Code-Encoder-for-Objective-C/QRCodeEncoderObjectiveCAtGithub\"";
				INFOPLIST_FILE = "SharedShopping/SharedShopping-Info.plist";
				LIBRARY_SEARCH_PATHS = "$(inherited)";
				OTHER_LDFLAGS = "";
				PRODUCT_NAME = "$(TARGET_NAME)";
				USER_HEADER_SEARCH_PATHS = "";
				WRAPPER_EXTENSION = app;
			};
			name = Debug;
		};
		D7F06AFB176A853000E8A4B9 /* Release */ = {
			isa = XCBuildConfiguration;
			buildSettings = {
				ALWAYS_SEARCH_USER_PATHS = NO;
				FRAMEWORK_SEARCH_PATHS = (
					"$(inherited)",
					"\"$(SRCROOT)/SharedShopping/Resources\"",
				);
				GCC_PRECOMPILE_PREFIX_HEADER = YES;
				GCC_PREFIX_HEADER = "SharedShopping/SharedShopping-Prefix.pch";
				HEADER_SEARCH_PATHS = "\"$(SRCROOT)/QR-Code-Encoder-for-Objective-C/QRCodeEncoderObjectiveCAtGithub\"";
				INFOPLIST_FILE = "SharedShopping/SharedShopping-Info.plist";
				LIBRARY_SEARCH_PATHS = "$(inherited)";
				OTHER_LDFLAGS = "";
				PRODUCT_NAME = "$(TARGET_NAME)";
				USER_HEADER_SEARCH_PATHS = "";
				WRAPPER_EXTENSION = app;
			};
			name = Release;
		};
/* End XCBuildConfiguration section */

/* Begin XCConfigurationList section */
		D7F06AD1176A853000E8A4B9 /* Build configuration list for PBXProject "SharedShopping" */ = {
			isa = XCConfigurationList;
			buildConfigurations = (
				D7F06AF7176A853000E8A4B9 /* Debug */,
				D7F06AF8176A853000E8A4B9 /* Release */,
			);
			defaultConfigurationIsVisible = 0;
			defaultConfigurationName = Release;
		};
		D7F06AF9176A853000E8A4B9 /* Build configuration list for PBXNativeTarget "SharedShopping" */ = {
			isa = XCConfigurationList;
			buildConfigurations = (
				D7F06AFA176A853000E8A4B9 /* Debug */,
				D7F06AFB176A853000E8A4B9 /* Release */,
			);
			defaultConfigurationIsVisible = 0;
			defaultConfigurationName = Release;
		};
/* End XCConfigurationList section */

/* Begin XCVersionGroup section */
		D7E95C1C176C9ACF009F068A /* SharedShopping.xcdatamodeld */ = {
			isa = XCVersionGroup;
			children = (
				D7E95C1D176C9ACF009F068A /* SharedShopping.xcdatamodel */,
			);
			currentVersion = D7E95C1D176C9ACF009F068A /* SharedShopping.xcdatamodel */;
			path = SharedShopping.xcdatamodeld;
			sourceTree = "<group>";
			versionGroupType = wrapper.xcdatamodel;
		};
/* End XCVersionGroup section */
	};
	rootObject = D7F06ACE176A853000E8A4B9 /* Project object */;
}
